
Microsoft Visual Studio Solution File, Format Version 12.00
# Visual Studio Version 17
VisualStudioVersion = 17.14.36221.1 d17.14
MinimumVisualStudioVersion = 10.0.40219.1
Project("{FAE04EC0-301F-11D3-BF4B-00C04F79EFBC}") = "ChangeHound", "ChangeHound.csproj", "{62B184D1-2537-4B94-BFE4-8D53285647FC}"
EndProject
Global
	GlobalSection(SolutionConfigurationPlatforms) = preSolution
		Debug|Any CPU = Debug|Any CPU
		Release|Any CPU = Release|Any CPU
	EndGlobalSection
	GlobalSection(ProjectConfigurationPlatforms) = postSolution
		{62B184D1-2537-4B94-BFE4-8D53285647FC}.Debug|Any CPU.ActiveCfg = Debug|Any CPU
		{62B184D1-2537-4B94-BFE4-8D53285647FC}.Debug|Any CPU.Build.0 = Debug|Any CPU
		{62B184D1-2537-4B94-BFE4-8D53285647FC}.Release|Any CPU.ActiveCfg = Release|Any CPU
		{62B184D1-2537-4B94-BFE4-8D53285647FC}.Release|Any CPU.Build.0 = Release|Any CPU
	EndGlobalSection
	GlobalSection(SolutionProperties) = preSolution
		HideSolutionNode = FALSE
	EndGlobalSection
	GlobalSection(ExtensibilityGlobals) = postSolution
		SolutionGuid = {324314EE-B717-42EE-A188-0423B1789693}
	EndGlobalSection
EndGlobal
